
Microsoft Visual Studio Solution File, Format Version 12.00
# Visual Studio Version 17
VisualStudioVersion = 17.4.33205.214
MinimumVisualStudioVersion = 10.0.40219.1
Project("{FAE04EC0-301F-11D3-BF4B-00C04F79EFBC}") = "CasualFooty", "CasualFooty.csproj", "{B3122DFA-770C-46D7-9E24-8255F62D46F1}"
EndProject
Global
	GlobalSection(SolutionConfigurationPlatforms) = preSolution
		Debug|Any CPU = Debug|Any CPU
		Release|Any CPU = Release|Any CPU
	EndGlobalSection
	GlobalSection(ProjectConfigurationPlatforms) = postSolution
		{B3122DFA-770C-46D7-9E24-8255F62D46F1}.Debug|Any CPU.ActiveCfg = Debug|Any CPU
		{B3122DFA-770C-46D7-9E24-8255F62D46F1}.Debug|Any CPU.Build.0 = Debug|Any CPU
		{B3122DFA-770C-46D7-9E24-8255F62D46F1}.Release|Any CPU.ActiveCfg = Release|Any CPU
		{B3122DFA-770C-46D7-9E24-8255F62D46F1}.Release|Any CPU.Build.0 = Release|Any CPU
	EndGlobalSection
	GlobalSection(SolutionProperties) = preSolution
		HideSolutionNode = FALSE
	EndGlobalSection
	GlobalSection(ExtensibilityGlobals) = postSolution
		SolutionGuid = {B2021898-50B3-43D9-BDF8-358C0892F96C}
	EndGlobalSection
EndGlobal
